
Microsoft Visual Studio Solution File, Format Version 12.00
# Visual Studio 15
VisualStudioVersion = 15.0.28307.271
MinimumVisualStudioVersion = 10.0.40219.1
Project("{2150E333-8FDC-42A3-9474-1A3956D46DE8}") = "src", "src", "{CF942185-A6C0-4F21-A194-EE3474A27631}"
EndProject
Project("{2150E333-8FDC-42A3-9474-1A3956D46DE8}") = "test", "test", "{3D2586AB-DB23-422C-AFFF-95BBA96CD566}"
EndProject
Project("{2150E333-8FDC-42A3-9474-1A3956D46DE8}") = "BuildingBlocks", "BuildingBlocks", "{6601822E-1492-404C-BD07-AACF0CBD1E85}"
EndProject
Project("{2150E333-8FDC-42A3-9474-1A3956D46DE8}") = "Services", "Services", "{79411553-3052-439E-A4C3-09D3734EC560}"
EndProject
Project("{2150E333-8FDC-42A3-9474-1A3956D46DE8}") = "Web", "Web", "{4A4A8E44-3B45-4657-A442-F8CA1709CCAB}"
EndProject
Project("{2150E333-8FDC-42A3-9474-1A3956D46DE8}") = "EventBus", "EventBus", "{EC022089-EDBC-4584-8585-0ED70DCE8180}"
EndProject
Project("{2150E333-8FDC-42A3-9474-1A3956D46DE8}") = "HealthChecks", "HealthChecks", "{E35A5538-A5DE-4C87-B69A-47556DAEFC56}"
EndProject
Project("{2150E333-8FDC-42A3-9474-1A3956D46DE8}") = "Booking", "Booking", "{6C03A784-9997-48A4-A4C1-035E4E413F29}"
EndProject
Project("{9A19103F-16F7-4668-BE54-9A1E7A4F7556}") = "Booking.API", "src\Services\Booking\Booking.API\Booking.API.csproj", "{8AD96E49-09F3-44F0-801F-146FC2974FE7}"
EndProject
Project("{9A19103F-16F7-4668-BE54-9A1E7A4F7556}") = "EventBus", "src\BuildingBlocks\EventBus\EventBus\EventBus.csproj", "{4A47E712-D6D0-4EF2-AB1F-42E402519A7E}"
EndProject
Project("{9A19103F-16F7-4668-BE54-9A1E7A4F7556}") = "EventBusServiceBus", "src\BuildingBlocks\EventBus\EventBusServiceBus\EventBusServiceBus.csproj", "{223A9152-496D-4279-B12B-200B6A952296}"
EndProject
Project("{9A19103F-16F7-4668-BE54-9A1E7A4F7556}") = "IntegrationEventLogEF", "src\BuildingBlocks\EventBus\IntegrationEventLogEF\IntegrationEventLogEF.csproj", "{7B847E22-F2BC-466B-A128-B6E2E5CA128C}"
EndProject
Project("{2150E333-8FDC-42A3-9474-1A3956D46DE8}") = "Tracking", "Tracking", "{CDD19F22-3AA3-4ED0-8C90-A52D50A4D8EC}"
EndProject
Project("{9A19103F-16F7-4668-BE54-9A1E7A4F7556}") = "Tracking.API", "src\Services\Tracking\Tracking.API\Tracking.API.csproj", "{98FA57AE-4571-4EA0-952E-39EEC1A952DC}"
EndProject
Project("{9A19103F-16F7-4668-BE54-9A1E7A4F7556}") = "Booking.Infrastructure", "src\Services\Booking\Booking.Infrastructure\Booking.Infrastructure.csproj", "{5496DA94-34C3-43A8-8861-2E8D8C430132}"
EndProject
Project("{9A19103F-16F7-4668-BE54-9A1E7A4F7556}") = "Booking.Application", "src\Services\Booking\Booking.Application\Booking.Application.csproj", "{C39125FD-2179-4904-A7C3-DF91063B8A66}"
EndProject
Project("{9A19103F-16F7-4668-BE54-9A1E7A4F7556}") = "Booking.Domain", "src\Services\Booking\Booking.Domain\Booking.Domain.csproj", "{429FDA36-472E-49F4-BD88-77885A4A5446}"
EndProject
Project("{9A19103F-16F7-4668-BE54-9A1E7A4F7556}") = "Booking.Persistence", "src\Services\Booking\Booking.Persistence\Booking.Persistence.csproj", "{221D8DD8-AA1A-45DF-A997-B3E06DC4B5A2}"
EndProject
Project("{9A19103F-16F7-4668-BE54-9A1E7A4F7556}") = "Booking.Common", "src\Services\Booking\Booking.Common\Booking.Common.csproj", "{D3786C56-BCAD-49A3-858A-E3501BC33095}"
EndProject
Project("{2150E333-8FDC-42A3-9474-1A3956D46DE8}") = "Payment", "Payment", "{627B4517-E86F-4C5E-8932-48914A73535B}"
EndProject
Project("{9A19103F-16F7-4668-BE54-9A1E7A4F7556}") = "Payment.API", "src\Services\Payment\Payment.API\Payment.API.csproj", "{42E6677C-F4CB-4256-8216-5F5B9AAD30A5}"
EndProject
Project("{9A19103F-16F7-4668-BE54-9A1E7A4F7556}") = "Payment.Domain", "src\Services\Payment\Payment.Domain\Payment.Domain.csproj", "{2852B6F1-468A-493F-8C92-944DBDB2C071}"
EndProject
Project("{9A19103F-16F7-4668-BE54-9A1E7A4F7556}") = "Payment.Persistence", "src\Services\Payment\Payment.Persistence\Payment.Persistence.csproj", "{0398F8C0-A1C6-462F-9CBB-49F8DEA98F06}"
EndProject
Project("{9A19103F-16F7-4668-BE54-9A1E7A4F7556}") = "Payment.Application", "src\Services\Payment\Payment.Application\Payment.Application.csproj", "{295BE563-F92C-42F7-A34E-54C2ADCCEBFA}"
EndProject
Project("{9A19103F-16F7-4668-BE54-9A1E7A4F7556}") = "Payment.Infrastructure", "src\Services\Payment\Payment.Infrastructure\Payment.Infrastructure.csproj", "{698F4B77-31FA-45AB-B969-1ABD05CC3A83}"
EndProject
Project("{FAE04EC0-301F-11D3-BF4B-00C04F79EFBC}") = "Tracking.Application", "src\Services\Tracking\Tracking.Application\Tracking.Application.csproj", "{B76FBF27-69C8-4BD2-B7EF-16B75EFD659E}"
EndProject
Project("{FAE04EC0-301F-11D3-BF4B-00C04F79EFBC}") = "Tracking.Domain", "src\Services\Tracking\Tracking.Domain\Tracking.Domain.csproj", "{6E083418-FFA9-49FA-A329-AE90B3332604}"
EndProject
Project("{FAE04EC0-301F-11D3-BF4B-00C04F79EFBC}") = "Tracking.Persistence", "src\Services\Tracking\Tracking.Persistence\Tracking.Persistence.csproj", "{97E01F2B-F28B-44D2-9740-65479241A989}"
EndProject
Global
	GlobalSection(SolutionConfigurationPlatforms) = preSolution
		Debug|Any CPU = Debug|Any CPU
		Release|Any CPU = Release|Any CPU
	EndGlobalSection
	GlobalSection(ProjectConfigurationPlatforms) = postSolution
		{8AD96E49-09F3-44F0-801F-146FC2974FE7}.Debug|Any CPU.ActiveCfg = Debug|Any CPU
		{8AD96E49-09F3-44F0-801F-146FC2974FE7}.Debug|Any CPU.Build.0 = Debug|Any CPU
		{8AD96E49-09F3-44F0-801F-146FC2974FE7}.Release|Any CPU.ActiveCfg = Release|Any CPU
		{8AD96E49-09F3-44F0-801F-146FC2974FE7}.Release|Any CPU.Build.0 = Release|Any CPU
		{4A47E712-D6D0-4EF2-AB1F-42E402519A7E}.Debug|Any CPU.ActiveCfg = Debug|Any CPU
		{4A47E712-D6D0-4EF2-AB1F-42E402519A7E}.Debug|Any CPU.Build.0 = Debug|Any CPU
		{4A47E712-D6D0-4EF2-AB1F-42E402519A7E}.Release|Any CPU.ActiveCfg = Release|Any CPU
		{4A47E712-D6D0-4EF2-AB1F-42E402519A7E}.Release|Any CPU.Build.0 = Release|Any CPU
		{223A9152-496D-4279-B12B-200B6A952296}.Debug|Any CPU.ActiveCfg = Debug|Any CPU
		{223A9152-496D-4279-B12B-200B6A952296}.Debug|Any CPU.Build.0 = Debug|Any CPU
		{223A9152-496D-4279-B12B-200B6A952296}.Release|Any CPU.ActiveCfg = Release|Any CPU
		{223A9152-496D-4279-B12B-200B6A952296}.Release|Any CPU.Build.0 = Release|Any CPU
		{7B847E22-F2BC-466B-A128-B6E2E5CA128C}.Debug|Any CPU.ActiveCfg = Debug|Any CPU
		{7B847E22-F2BC-466B-A128-B6E2E5CA128C}.Debug|Any CPU.Build.0 = Debug|Any CPU
		{7B847E22-F2BC-466B-A128-B6E2E5CA128C}.Release|Any CPU.ActiveCfg = Release|Any CPU
		{7B847E22-F2BC-466B-A128-B6E2E5CA128C}.Release|Any CPU.Build.0 = Release|Any CPU
		{98FA57AE-4571-4EA0-952E-39EEC1A952DC}.Debug|Any CPU.ActiveCfg = Debug|Any CPU
		{98FA57AE-4571-4EA0-952E-39EEC1A952DC}.Debug|Any CPU.Build.0 = Debug|Any CPU
		{98FA57AE-4571-4EA0-952E-39EEC1A952DC}.Release|Any CPU.ActiveCfg = Release|Any CPU
		{98FA57AE-4571-4EA0-952E-39EEC1A952DC}.Release|Any CPU.Build.0 = Release|Any CPU
		{5496DA94-34C3-43A8-8861-2E8D8C430132}.Debug|Any CPU.ActiveCfg = Debug|Any CPU
		{5496DA94-34C3-43A8-8861-2E8D8C430132}.Debug|Any CPU.Build.0 = Debug|Any CPU
		{5496DA94-34C3-43A8-8861-2E8D8C430132}.Release|Any CPU.ActiveCfg = Release|Any CPU
		{5496DA94-34C3-43A8-8861-2E8D8C430132}.Release|Any CPU.Build.0 = Release|Any CPU
		{C39125FD-2179-4904-A7C3-DF91063B8A66}.Debug|Any CPU.ActiveCfg = Debug|Any CPU
		{C39125FD-2179-4904-A7C3-DF91063B8A66}.Debug|Any CPU.Build.0 = Debug|Any CPU
		{C39125FD-2179-4904-A7C3-DF91063B8A66}.Release|Any CPU.ActiveCfg = Release|Any CPU
		{C39125FD-2179-4904-A7C3-DF91063B8A66}.Release|Any CPU.Build.0 = Release|Any CPU
		{429FDA36-472E-49F4-BD88-77885A4A5446}.Debug|Any CPU.ActiveCfg = Debug|Any CPU
		{429FDA36-472E-49F4-BD88-77885A4A5446}.Debug|Any CPU.Build.0 = Debug|Any CPU
		{429FDA36-472E-49F4-BD88-77885A4A5446}.Release|Any CPU.ActiveCfg = Release|Any CPU
		{429FDA36-472E-49F4-BD88-77885A4A5446}.Release|Any CPU.Build.0 = Release|Any CPU
		{221D8DD8-AA1A-45DF-A997-B3E06DC4B5A2}.Debug|Any CPU.ActiveCfg = Debug|Any CPU
		{221D8DD8-AA1A-45DF-A997-B3E06DC4B5A2}.Debug|Any CPU.Build.0 = Debug|Any CPU
		{221D8DD8-AA1A-45DF-A997-B3E06DC4B5A2}.Release|Any CPU.ActiveCfg = Release|Any CPU
		{221D8DD8-AA1A-45DF-A997-B3E06DC4B5A2}.Release|Any CPU.Build.0 = Release|Any CPU
		{D3786C56-BCAD-49A3-858A-E3501BC33095}.Debug|Any CPU.ActiveCfg = Debug|Any CPU
		{D3786C56-BCAD-49A3-858A-E3501BC33095}.Debug|Any CPU.Build.0 = Debug|Any CPU
		{D3786C56-BCAD-49A3-858A-E3501BC33095}.Release|Any CPU.ActiveCfg = Release|Any CPU
		{D3786C56-BCAD-49A3-858A-E3501BC33095}.Release|Any CPU.Build.0 = Release|Any CPU
		{42E6677C-F4CB-4256-8216-5F5B9AAD30A5}.Debug|Any CPU.ActiveCfg = Debug|Any CPU
		{42E6677C-F4CB-4256-8216-5F5B9AAD30A5}.Debug|Any CPU.Build.0 = Debug|Any CPU
		{42E6677C-F4CB-4256-8216-5F5B9AAD30A5}.Release|Any CPU.ActiveCfg = Release|Any CPU
		{42E6677C-F4CB-4256-8216-5F5B9AAD30A5}.Release|Any CPU.Build.0 = Release|Any CPU
		{2852B6F1-468A-493F-8C92-944DBDB2C071}.Debug|Any CPU.ActiveCfg = Debug|Any CPU
		{2852B6F1-468A-493F-8C92-944DBDB2C071}.Debug|Any CPU.Build.0 = Debug|Any CPU
		{2852B6F1-468A-493F-8C92-944DBDB2C071}.Release|Any CPU.ActiveCfg = Release|Any CPU
		{2852B6F1-468A-493F-8C92-944DBDB2C071}.Release|Any CPU.Build.0 = Release|Any CPU
		{0398F8C0-A1C6-462F-9CBB-49F8DEA98F06}.Debug|Any CPU.ActiveCfg = Debug|Any CPU
		{0398F8C0-A1C6-462F-9CBB-49F8DEA98F06}.Debug|Any CPU.Build.0 = Debug|Any CPU
		{0398F8C0-A1C6-462F-9CBB-49F8DEA98F06}.Release|Any CPU.ActiveCfg = Release|Any CPU
		{0398F8C0-A1C6-462F-9CBB-49F8DEA98F06}.Release|Any CPU.Build.0 = Release|Any CPU
		{295BE563-F92C-42F7-A34E-54C2ADCCEBFA}.Debug|Any CPU.ActiveCfg = Debug|Any CPU
		{295BE563-F92C-42F7-A34E-54C2ADCCEBFA}.Debug|Any CPU.Build.0 = Debug|Any CPU
		{295BE563-F92C-42F7-A34E-54C2ADCCEBFA}.Release|Any CPU.ActiveCfg = Release|Any CPU
		{295BE563-F92C-42F7-A34E-54C2ADCCEBFA}.Release|Any CPU.Build.0 = Release|Any CPU
		{698F4B77-31FA-45AB-B969-1ABD05CC3A83}.Debug|Any CPU.ActiveCfg = Debug|Any CPU
		{698F4B77-31FA-45AB-B969-1ABD05CC3A83}.Debug|Any CPU.Build.0 = Debug|Any CPU
		{698F4B77-31FA-45AB-B969-1ABD05CC3A83}.Release|Any CPU.ActiveCfg = Release|Any CPU
		{698F4B77-31FA-45AB-B969-1ABD05CC3A83}.Release|Any CPU.Build.0 = Release|Any CPU
		{B76FBF27-69C8-4BD2-B7EF-16B75EFD659E}.Debug|Any CPU.ActiveCfg = Debug|Any CPU
		{B76FBF27-69C8-4BD2-B7EF-16B75EFD659E}.Debug|Any CPU.Build.0 = Debug|Any CPU
		{B76FBF27-69C8-4BD2-B7EF-16B75EFD659E}.Release|Any CPU.ActiveCfg = Release|Any CPU
		{B76FBF27-69C8-4BD2-B7EF-16B75EFD659E}.Release|Any CPU.Build.0 = Release|Any CPU
		{6E083418-FFA9-49FA-A329-AE90B3332604}.Debug|Any CPU.ActiveCfg = Debug|Any CPU
		{6E083418-FFA9-49FA-A329-AE90B3332604}.Debug|Any CPU.Build.0 = Debug|Any CPU
		{6E083418-FFA9-49FA-A329-AE90B3332604}.Release|Any CPU.ActiveCfg = Release|Any CPU
		{6E083418-FFA9-49FA-A329-AE90B3332604}.Release|Any CPU.Build.0 = Release|Any CPU
		{97E01F2B-F28B-44D2-9740-65479241A989}.Debug|Any CPU.ActiveCfg = Debug|Any CPU
		{97E01F2B-F28B-44D2-9740-65479241A989}.Debug|Any CPU.Build.0 = Debug|Any CPU
		{97E01F2B-F28B-44D2-9740-65479241A989}.Release|Any CPU.ActiveCfg = Release|Any CPU
		{97E01F2B-F28B-44D2-9740-65479241A989}.Release|Any CPU.Build.0 = Release|Any CPU
	EndGlobalSection
	GlobalSection(SolutionProperties) = preSolution
		HideSolutionNode = FALSE
	EndGlobalSection
	GlobalSection(NestedProjects) = preSolution
		{6601822E-1492-404C-BD07-AACF0CBD1E85} = {CF942185-A6C0-4F21-A194-EE3474A27631}
		{79411553-3052-439E-A4C3-09D3734EC560} = {CF942185-A6C0-4F21-A194-EE3474A27631}
		{4A4A8E44-3B45-4657-A442-F8CA1709CCAB} = {CF942185-A6C0-4F21-A194-EE3474A27631}
		{EC022089-EDBC-4584-8585-0ED70DCE8180} = {6601822E-1492-404C-BD07-AACF0CBD1E85}
		{E35A5538-A5DE-4C87-B69A-47556DAEFC56} = {6601822E-1492-404C-BD07-AACF0CBD1E85}
		{6C03A784-9997-48A4-A4C1-035E4E413F29} = {79411553-3052-439E-A4C3-09D3734EC560}
		{8AD96E49-09F3-44F0-801F-146FC2974FE7} = {6C03A784-9997-48A4-A4C1-035E4E413F29}
		{4A47E712-D6D0-4EF2-AB1F-42E402519A7E} = {EC022089-EDBC-4584-8585-0ED70DCE8180}
		{223A9152-496D-4279-B12B-200B6A952296} = {EC022089-EDBC-4584-8585-0ED70DCE8180}
		{7B847E22-F2BC-466B-A128-B6E2E5CA128C} = {EC022089-EDBC-4584-8585-0ED70DCE8180}
		{CDD19F22-3AA3-4ED0-8C90-A52D50A4D8EC} = {79411553-3052-439E-A4C3-09D3734EC560}
		{98FA57AE-4571-4EA0-952E-39EEC1A952DC} = {CDD19F22-3AA3-4ED0-8C90-A52D50A4D8EC}
		{5496DA94-34C3-43A8-8861-2E8D8C430132} = {6C03A784-9997-48A4-A4C1-035E4E413F29}
		{C39125FD-2179-4904-A7C3-DF91063B8A66} = {6C03A784-9997-48A4-A4C1-035E4E413F29}
		{429FDA36-472E-49F4-BD88-77885A4A5446} = {6C03A784-9997-48A4-A4C1-035E4E413F29}
		{221D8DD8-AA1A-45DF-A997-B3E06DC4B5A2} = {6C03A784-9997-48A4-A4C1-035E4E413F29}
		{D3786C56-BCAD-49A3-858A-E3501BC33095} = {6C03A784-9997-48A4-A4C1-035E4E413F29}
		{627B4517-E86F-4C5E-8932-48914A73535B} = {79411553-3052-439E-A4C3-09D3734EC560}
		{42E6677C-F4CB-4256-8216-5F5B9AAD30A5} = {627B4517-E86F-4C5E-8932-48914A73535B}
		{2852B6F1-468A-493F-8C92-944DBDB2C071} = {627B4517-E86F-4C5E-8932-48914A73535B}
		{0398F8C0-A1C6-462F-9CBB-49F8DEA98F06} = {627B4517-E86F-4C5E-8932-48914A73535B}
		{295BE563-F92C-42F7-A34E-54C2ADCCEBFA} = {627B4517-E86F-4C5E-8932-48914A73535B}
		{698F4B77-31FA-45AB-B969-1ABD05CC3A83} = {627B4517-E86F-4C5E-8932-48914A73535B}
		{B76FBF27-69C8-4BD2-B7EF-16B75EFD659E} = {CDD19F22-3AA3-4ED0-8C90-A52D50A4D8EC}
		{6E083418-FFA9-49FA-A329-AE90B3332604} = {CDD19F22-3AA3-4ED0-8C90-A52D50A4D8EC}
		{97E01F2B-F28B-44D2-9740-65479241A989} = {CDD19F22-3AA3-4ED0-8C90-A52D50A4D8EC}
	EndGlobalSection
	GlobalSection(ExtensibilityGlobals) = postSolution
		SolutionGuid = {E13E4D21-76D2-45C9-B2EC-29A70284CD9E}
	EndGlobalSection
EndGlobal
